
Microsoft Visual Studio Solution File, Format Version 12.00
# Visual Studio Version 17
VisualStudioVersion = 17.9.34701.34
MinimumVisualStudioVersion = 10.0.40219.1
Project("{FAE04EC0-301F-11D3-BF4B-00C04F79EFBC}") = "Threadpool_Aspnet", "Threadpool_Aspnet.csproj", "{805FC063-0784-4ABD-B643-65C60B2AA3D1}"
EndProject
Global
	GlobalSection(SolutionConfigurationPlatforms) = preSolution
		Debug|Any CPU = Debug|Any CPU
		Release|Any CPU = Release|Any CPU
	EndGlobalSection
	GlobalSection(ProjectConfigurationPlatforms) = postSolution
		{805FC063-0784-4ABD-B643-65C60B2AA3D1}.Debug|Any CPU.ActiveCfg = Debug|Any CPU
		{805FC063-0784-4ABD-B643-65C60B2AA3D1}.Debug|Any CPU.Build.0 = Debug|Any CPU
		{805FC063-0784-4ABD-B643-65C60B2AA3D1}.Release|Any CPU.ActiveCfg = Release|Any CPU
		{805FC063-0784-4ABD-B643-65C60B2AA3D1}.Release|Any CPU.Build.0 = Release|Any CPU
	EndGlobalSection
	GlobalSection(SolutionProperties) = preSolution
		HideSolutionNode = FALSE
	EndGlobalSection
	GlobalSection(ExtensibilityGlobals) = postSolution
		SolutionGuid = {261ADEB1-2189-42BB-B7FA-16621DF105F3}
	EndGlobalSection
EndGlobal
